
Microsoft Visual Studio Solution File, Format Version 12.00
Project("{FAE04EC0-301F-11D3-BF4B-00C04F79EFBC}") = "RivePlayer", "RivePlayer\RivePlayer.csproj", "{72812C6F-6238-4F28-9BB2-ADB9CC916DB2}"
EndProject
Global
	GlobalSection(SolutionConfigurationPlatforms) = preSolution
		Debug|Any CPU = Debug|Any CPU
		Release|Any CPU = Release|Any CPU
	EndGlobalSection
	GlobalSection(ProjectConfigurationPlatforms) = postSolution
		{72812C6F-6238-4F28-9BB2-ADB9CC916DB2}.Debug|Any CPU.ActiveCfg = Debug|Any CPU
		{72812C6F-6238-4F28-9BB2-ADB9CC916DB2}.Debug|Any CPU.Build.0 = Debug|Any CPU
		{72812C6F-6238-4F28-9BB2-ADB9CC916DB2}.Release|Any CPU.ActiveCfg = Release|Any CPU
		{72812C6F-6238-4F28-9BB2-ADB9CC916DB2}.Release|Any CPU.Build.0 = Release|Any CPU
	EndGlobalSection
EndGlobal
